// !$*UTF8*$!
{
	archiveVersion = 1;
	classes = {
	};
	objectVersion = 56;
	objects = {

/* Begin PBXBuildFile section */
		CE201DBF2B918BCF00D9C9BB /* RegistrationViewModel.swift in Sources */ = {isa = PBXBuildFile; fileRef = CE201DBE2B918BCF00D9C9BB /* RegistrationViewModel.swift */; };
		CE7B5A832B9099AA00E7BD82 /* PostGridView.swift in Sources */ = {isa = PBXBuildFile; fileRef = CE7B5A822B9099AA00E7BD82 /* PostGridView.swift */; };
		CE7B5A852B90CD1200E7BD82 /* ProfileHeaderView.swift in Sources */ = {isa = PBXBuildFile; fileRef = CE7B5A842B90CD1200E7BD82 /* ProfileHeaderView.swift */; };
		CE7B5A872B90D0BC00E7BD82 /* UploadPostView.swift in Sources */ = {isa = PBXBuildFile; fileRef = CE7B5A862B90D0BC00E7BD82 /* UploadPostView.swift */; };
		CE7B5A892B90D64800E7BD82 /* UploadPostViewModel.swift in Sources */ = {isa = PBXBuildFile; fileRef = CE7B5A882B90D64800E7BD82 /* UploadPostViewModel.swift */; };
		CE7B5A8B2B90F26200E7BD82 /* GoogleService-Info.plist in Resources */ = {isa = PBXBuildFile; fileRef = CE7B5A8A2B90F26200E7BD82 /* GoogleService-Info.plist */; };
		CE7B5A8E2B90F3BE00E7BD82 /* FirebaseAnalytics in Frameworks */ = {isa = PBXBuildFile; productRef = CE7B5A8D2B90F3BE00E7BD82 /* FirebaseAnalytics */; };
		CE7B5A902B90F3BE00E7BD82 /* FirebaseAnalyticsOnDeviceConversion in Frameworks */ = {isa = PBXBuildFile; productRef = CE7B5A8F2B90F3BE00E7BD82 /* FirebaseAnalyticsOnDeviceConversion */; };
		CE7B5A922B90F3BE00E7BD82 /* FirebaseAnalyticsSwift in Frameworks */ = {isa = PBXBuildFile; productRef = CE7B5A912B90F3BE00E7BD82 /* FirebaseAnalyticsSwift */; };
		CE7B5A942B90F3BE00E7BD82 /* FirebaseAnalyticsWithoutAdIdSupport in Frameworks */ = {isa = PBXBuildFile; productRef = CE7B5A932B90F3BE00E7BD82 /* FirebaseAnalyticsWithoutAdIdSupport */; };
		CE7B5A962B90F3BE00E7BD82 /* FirebaseAppCheck in Frameworks */ = {isa = PBXBuildFile; productRef = CE7B5A952B90F3BE00E7BD82 /* FirebaseAppCheck */; };
		CE7B5A982B90F3BE00E7BD82 /* FirebaseAppDistribution-Beta in Frameworks */ = {isa = PBXBuildFile; productRef = CE7B5A972B90F3BE00E7BD82 /* FirebaseAppDistribution-Beta */; };
		CE7B5A9A2B90F3BE00E7BD82 /* FirebaseAuth in Frameworks */ = {isa = PBXBuildFile; productRef = CE7B5A992B90F3BE00E7BD82 /* FirebaseAuth */; };
		CE7B5A9C2B90F3BE00E7BD82 /* FirebaseAuthCombine-Community in Frameworks */ = {isa = PBXBuildFile; productRef = CE7B5A9B2B90F3BE00E7BD82 /* FirebaseAuthCombine-Community */; };
		CE7B5A9E2B90F3BE00E7BD82 /* FirebaseCrashlytics in Frameworks */ = {isa = PBXBuildFile; productRef = CE7B5A9D2B90F3BE00E7BD82 /* FirebaseCrashlytics */; };
		CE7B5AA02B90F3BF00E7BD82 /* FirebaseDatabase in Frameworks */ = {isa = PBXBuildFile; productRef = CE7B5A9F2B90F3BF00E7BD82 /* FirebaseDatabase */; };
		CE7B5AA22B90F3BF00E7BD82 /* FirebaseDatabaseSwift in Frameworks */ = {isa = PBXBuildFile; productRef = CE7B5AA12B90F3BF00E7BD82 /* FirebaseDatabaseSwift */; };
		CE7B5AA42B90F3BF00E7BD82 /* FirebaseDynamicLinks in Frameworks */ = {isa = PBXBuildFile; productRef = CE7B5AA32B90F3BF00E7BD82 /* FirebaseDynamicLinks */; };
		CE7B5AA62B90F3BF00E7BD82 /* FirebaseFirestore in Frameworks */ = {isa = PBXBuildFile; productRef = CE7B5AA52B90F3BF00E7BD82 /* FirebaseFirestore */; };
		CE7B5AA82B90F3BF00E7BD82 /* FirebaseFirestoreCombine-Community in Frameworks */ = {isa = PBXBuildFile; productRef = CE7B5AA72B90F3BF00E7BD82 /* FirebaseFirestoreCombine-Community */; };
		CE7B5AAA2B90F3BF00E7BD82 /* FirebaseFirestoreSwift in Frameworks */ = {isa = PBXBuildFile; productRef = CE7B5AA92B90F3BF00E7BD82 /* FirebaseFirestoreSwift */; };
		CE7B5AAC2B90F3BF00E7BD82 /* FirebaseFunctions in Frameworks */ = {isa = PBXBuildFile; productRef = CE7B5AAB2B90F3BF00E7BD82 /* FirebaseFunctions */; };
		CE7B5AAE2B90F3BF00E7BD82 /* FirebaseFunctionsCombine-Community in Frameworks */ = {isa = PBXBuildFile; productRef = CE7B5AAD2B90F3BF00E7BD82 /* FirebaseFunctionsCombine-Community */; };
		CE7B5AB02B90F3BF00E7BD82 /* FirebaseInAppMessaging-Beta in Frameworks */ = {isa = PBXBuildFile; productRef = CE7B5AAF2B90F3BF00E7BD82 /* FirebaseInAppMessaging-Beta */; };
		CE7B5AB22B90F3BF00E7BD82 /* FirebaseInAppMessagingSwift-Beta in Frameworks */ = {isa = PBXBuildFile; productRef = CE7B5AB12B90F3BF00E7BD82 /* FirebaseInAppMessagingSwift-Beta */; };
		CE7B5AB42B90F3BF00E7BD82 /* FirebaseInstallations in Frameworks */ = {isa = PBXBuildFile; productRef = CE7B5AB32B90F3BF00E7BD82 /* FirebaseInstallations */; };
		CE7B5AB62B90F3BF00E7BD82 /* FirebaseMLModelDownloader in Frameworks */ = {isa = PBXBuildFile; productRef = CE7B5AB52B90F3BF00E7BD82 /* FirebaseMLModelDownloader */; };
		CE7B5AB82B90F3BF00E7BD82 /* FirebaseMessaging in Frameworks */ = {isa = PBXBuildFile; productRef = CE7B5AB72B90F3BF00E7BD82 /* FirebaseMessaging */; };
		CE7B5ABA2B90F3BF00E7BD82 /* FirebasePerformance in Frameworks */ = {isa = PBXBuildFile; productRef = CE7B5AB92B90F3BF00E7BD82 /* FirebasePerformance */; };
		CE7B5ABC2B90F3BF00E7BD82 /* FirebaseRemoteConfig in Frameworks */ = {isa = PBXBuildFile; productRef = CE7B5ABB2B90F3BF00E7BD82 /* FirebaseRemoteConfig */; };
		CE7B5ABE2B90F3BF00E7BD82 /* FirebaseRemoteConfigSwift in Frameworks */ = {isa = PBXBuildFile; productRef = CE7B5ABD2B90F3BF00E7BD82 /* FirebaseRemoteConfigSwift */; };
		CE7B5AC02B90F3BF00E7BD82 /* FirebaseStorage in Frameworks */ = {isa = PBXBuildFile; productRef = CE7B5ABF2B90F3BF00E7BD82 /* FirebaseStorage */; };
		CE7B5AC62B90F78200E7BD82 /* AuthService.swift in Sources */ = {isa = PBXBuildFile; fileRef = CE7B5AC52B90F78200E7BD82 /* AuthService.swift */; };
		CE7B5ACF2B90FB9400E7BD82 /* ContentViewModel.swift in Sources */ = {isa = PBXBuildFile; fileRef = CE7B5ACE2B90FB9400E7BD82 /* ContentViewModel.swift */; };
		CECEDF4E2B8F2E5E00E593AD /* InstagramCloneApp.swift in Sources */ = {isa = PBXBuildFile; fileRef = CECEDF4D2B8F2E5E00E593AD /* InstagramCloneApp.swift */; };
		CECEDF502B8F2E5E00E593AD /* ContentView.swift in Sources */ = {isa = PBXBuildFile; fileRef = CECEDF4F2B8F2E5E00E593AD /* ContentView.swift */; };
		CECEDF522B8F2E5E00E593AD /* Item.swift in Sources */ = {isa = PBXBuildFile; fileRef = CECEDF512B8F2E5E00E593AD /* Item.swift */; };
		CECEDF542B8F2E6100E593AD /* Assets.xcassets in Resources */ = {isa = PBXBuildFile; fileRef = CECEDF532B8F2E6100E593AD /* Assets.xcassets */; };
		CECEDF582B8F2E6100E593AD /* Preview Assets.xcassets in Resources */ = {isa = PBXBuildFile; fileRef = CECEDF572B8F2E6100E593AD /* Preview Assets.xcassets */; };
		CECEDF6B2B8F2FF600E593AD /* MainTabView.swift in Sources */ = {isa = PBXBuildFile; fileRef = CECEDF6A2B8F2FF600E593AD /* MainTabView.swift */; };
		CECEDF6D2B8F31BD00E593AD /* ProfileView.swift in Sources */ = {isa = PBXBuildFile; fileRef = CECEDF6C2B8F31BD00E593AD /* ProfileView.swift */; };
		CECEDF702B8F486E00E593AD /* UserStatView.swift in Sources */ = {isa = PBXBuildFile; fileRef = CECEDF6F2B8F486E00E593AD /* UserStatView.swift */; };
		CECEDF722B8F4EC000E593AD /* FeedView.swift in Sources */ = {isa = PBXBuildFile; fileRef = CECEDF712B8F4EC000E593AD /* FeedView.swift */; };
		CECEDF742B8F4ECF00E593AD /* FeedCell.swift in Sources */ = {isa = PBXBuildFile; fileRef = CECEDF732B8F4ECF00E593AD /* FeedCell.swift */; };
		CECEDF762B8F588C00E593AD /* SearchView.swift in Sources */ = {isa = PBXBuildFile; fileRef = CECEDF752B8F588C00E593AD /* SearchView.swift */; };
		CECEDF782B8F614100E593AD /* LoginView.swift in Sources */ = {isa = PBXBuildFile; fileRef = CECEDF772B8F614100E593AD /* LoginView.swift */; };
		CECEDF7A2B8F6FE100E593AD /* AddEmailView.swift in Sources */ = {isa = PBXBuildFile; fileRef = CECEDF792B8F6FE100E593AD /* AddEmailView.swift */; };
		CECEDF7C2B8F7E8D00E593AD /* IGTextFieldModifer.swift in Sources */ = {isa = PBXBuildFile; fileRef = CECEDF7B2B8F7E8D00E593AD /* IGTextFieldModifer.swift */; };
		CECEDF7E2B8F7FFD00E593AD /* CreateUsernameView.swift in Sources */ = {isa = PBXBuildFile; fileRef = CECEDF7D2B8F7FFD00E593AD /* CreateUsernameView.swift */; };
		CECEDF802B8F859A00E593AD /* CreatePasswordView.swift in Sources */ = {isa = PBXBuildFile; fileRef = CECEDF7F2B8F859A00E593AD /* CreatePasswordView.swift */; };
		CECEDF822B8F880800E593AD /* CompleteSignUpView.swift in Sources */ = {isa = PBXBuildFile; fileRef = CECEDF812B8F880800E593AD /* CompleteSignUpView.swift */; };
		CECEDF842B8FA4E600E593AD /* User.swift in Sources */ = {isa = PBXBuildFile; fileRef = CECEDF832B8FA4E600E593AD /* User.swift */; };
		CEFE87482B903885000EBF99 /* CurrentUserProfileView.swift in Sources */ = {isa = PBXBuildFile; fileRef = CEFE87472B903885000EBF99 /* CurrentUserProfileView.swift */; };
		CEFE874A2B903D45000EBF99 /* Post.swift in Sources */ = {isa = PBXBuildFile; fileRef = CEFE87492B903D45000EBF99 /* Post.swift */; };
/* End PBXBuildFile section */

/* Begin PBXFileReference section */
		CE201DBE2B918BCF00D9C9BB /* RegistrationViewModel.swift */ = {isa = PBXFileReference; lastKnownFileType = sourcecode.swift; path = RegistrationViewModel.swift; sourceTree = "<group>"; };
		CE7B5A822B9099AA00E7BD82 /* PostGridView.swift */ = {isa = PBXFileReference; lastKnownFileType = sourcecode.swift; path = PostGridView.swift; sourceTree = "<group>"; };
		CE7B5A842B90CD1200E7BD82 /* ProfileHeaderView.swift */ = {isa = PBXFileReference; lastKnownFileType = sourcecode.swift; path = ProfileHeaderView.swift; sourceTree = "<group>"; };
		CE7B5A862B90D0BC00E7BD82 /* UploadPostView.swift */ = {isa = PBXFileReference; lastKnownFileType = sourcecode.swift; path = UploadPostView.swift; sourceTree = "<group>"; };
		CE7B5A882B90D64800E7BD82 /* UploadPostViewModel.swift */ = {isa = PBXFileReference; lastKnownFileType = sourcecode.swift; path = UploadPostViewModel.swift; sourceTree = "<group>"; };
		CE7B5A8A2B90F26200E7BD82 /* GoogleService-Info.plist */ = {isa = PBXFileReference; fileEncoding = 4; lastKnownFileType = text.plist.xml; path = "GoogleService-Info.plist"; sourceTree = "<group>"; };
		CE7B5AC52B90F78200E7BD82 /* AuthService.swift */ = {isa = PBXFileReference; lastKnownFileType = sourcecode.swift; path = AuthService.swift; sourceTree = "<group>"; };
		CE7B5ACE2B90FB9400E7BD82 /* ContentViewModel.swift */ = {isa = PBXFileReference; lastKnownFileType = sourcecode.swift; path = ContentViewModel.swift; sourceTree = "<group>"; };
		CECEDF4A2B8F2E5E00E593AD /* InstagramClone.app */ = {isa = PBXFileReference; explicitFileType = wrapper.application; includeInIndex = 0; path = InstagramClone.app; sourceTree = BUILT_PRODUCTS_DIR; };
		CECEDF4D2B8F2E5E00E593AD /* InstagramCloneApp.swift */ = {isa = PBXFileReference; lastKnownFileType = sourcecode.swift; path = InstagramCloneApp.swift; sourceTree = "<group>"; };
		CECEDF4F2B8F2E5E00E593AD /* ContentView.swift */ = {isa = PBXFileReference; lastKnownFileType = sourcecode.swift; path = ContentView.swift; sourceTree = "<group>"; };
		CECEDF512B8F2E5E00E593AD /* Item.swift */ = {isa = PBXFileReference; lastKnownFileType = sourcecode.swift; path = Item.swift; sourceTree = "<group>"; };
		CECEDF532B8F2E6100E593AD /* Assets.xcassets */ = {isa = PBXFileReference; lastKnownFileType = folder.assetcatalog; path = Assets.xcassets; sourceTree = "<group>"; };
		CECEDF552B8F2E6100E593AD /* InstagramClone.entitlements */ = {isa = PBXFileReference; lastKnownFileType = text.plist.entitlements; path = InstagramClone.entitlements; sourceTree = "<group>"; };
		CECEDF572B8F2E6100E593AD /* Preview Assets.xcassets */ = {isa = PBXFileReference; lastKnownFileType = folder.assetcatalog; path = "Preview Assets.xcassets"; sourceTree = "<group>"; };
		CECEDF6A2B8F2FF600E593AD /* MainTabView.swift */ = {isa = PBXFileReference; lastKnownFileType = sourcecode.swift; path = MainTabView.swift; sourceTree = "<group>"; };
		CECEDF6C2B8F31BD00E593AD /* ProfileView.swift */ = {isa = PBXFileReference; lastKnownFileType = sourcecode.swift; path = ProfileView.swift; sourceTree = "<group>"; };
		CECEDF6F2B8F486E00E593AD /* UserStatView.swift */ = {isa = PBXFileReference; lastKnownFileType = sourcecode.swift; path = UserStatView.swift; sourceTree = "<group>"; };
		CECEDF712B8F4EC000E593AD /* FeedView.swift */ = {isa = PBXFileReference; lastKnownFileType = sourcecode.swift; path = FeedView.swift; sourceTree = "<group>"; };
		CECEDF732B8F4ECF00E593AD /* FeedCell.swift */ = {isa = PBXFileReference; lastKnownFileType = sourcecode.swift; path = FeedCell.swift; sourceTree = "<group>"; };
		CECEDF752B8F588C00E593AD /* SearchView.swift */ = {isa = PBXFileReference; lastKnownFileType = sourcecode.swift; path = SearchView.swift; sourceTree = "<group>"; };
		CECEDF772B8F614100E593AD /* LoginView.swift */ = {isa = PBXFileReference; lastKnownFileType = sourcecode.swift; path = LoginView.swift; sourceTree = "<group>"; };
		CECEDF792B8F6FE100E593AD /* AddEmailView.swift */ = {isa = PBXFileReference; lastKnownFileType = sourcecode.swift; path = AddEmailView.swift; sourceTree = "<group>"; };
		CECEDF7B2B8F7E8D00E593AD /* IGTextFieldModifer.swift */ = {isa = PBXFileReference; lastKnownFileType = sourcecode.swift; path = IGTextFieldModifer.swift; sourceTree = "<group>"; };
		CECEDF7D2B8F7FFD00E593AD /* CreateUsernameView.swift */ = {isa = PBXFileReference; lastKnownFileType = sourcecode.swift; path = CreateUsernameView.swift; sourceTree = "<group>"; };
		CECEDF7F2B8F859A00E593AD /* CreatePasswordView.swift */ = {isa = PBXFileReference; lastKnownFileType = sourcecode.swift; path = CreatePasswordView.swift; sourceTree = "<group>"; };
		CECEDF812B8F880800E593AD /* CompleteSignUpView.swift */ = {isa = PBXFileReference; lastKnownFileType = sourcecode.swift; path = CompleteSignUpView.swift; sourceTree = "<group>"; };
		CECEDF832B8FA4E600E593AD /* User.swift */ = {isa = PBXFileReference; lastKnownFileType = sourcecode.swift; path = User.swift; sourceTree = "<group>"; };
		CEFE87472B903885000EBF99 /* CurrentUserProfileView.swift */ = {isa = PBXFileReference; lastKnownFileType = sourcecode.swift; path = CurrentUserProfileView.swift; sourceTree = "<group>"; };
		CEFE87492B903D45000EBF99 /* Post.swift */ = {isa = PBXFileReference; lastKnownFileType = sourcecode.swift; path = Post.swift; sourceTree = "<group>"; };
/* End PBXFileReference section */

/* Begin PBXFrameworksBuildPhase section */
		CECEDF472B8F2E5E00E593AD /* Frameworks */ = {
			isa = PBXFrameworksBuildPhase;
			buildActionMask = 2147483647;
			files = (
				CE7B5AA02B90F3BF00E7BD82 /* FirebaseDatabase in Frameworks */,
				CE7B5AAE2B90F3BF00E7BD82 /* FirebaseFunctionsCombine-Community in Frameworks */,
				CE7B5AA62B90F3BF00E7BD82 /* FirebaseFirestore in Frameworks */,
				CE7B5A922B90F3BE00E7BD82 /* FirebaseAnalyticsSwift in Frameworks */,
				CE7B5A8E2B90F3BE00E7BD82 /* FirebaseAnalytics in Frameworks */,
				CE7B5A902B90F3BE00E7BD82 /* FirebaseAnalyticsOnDeviceConversion in Frameworks */,
				CE7B5AB62B90F3BF00E7BD82 /* FirebaseMLModelDownloader in Frameworks */,
				CE7B5AAA2B90F3BF00E7BD82 /* FirebaseFirestoreSwift in Frameworks */,
				CE7B5A962B90F3BE00E7BD82 /* FirebaseAppCheck in Frameworks */,
				CE7B5A942B90F3BE00E7BD82 /* FirebaseAnalyticsWithoutAdIdSupport in Frameworks */,
				CE7B5A9A2B90F3BE00E7BD82 /* FirebaseAuth in Frameworks */,
				CE7B5A9E2B90F3BE00E7BD82 /* FirebaseCrashlytics in Frameworks */,
				CE7B5ABE2B90F3BF00E7BD82 /* FirebaseRemoteConfigSwift in Frameworks */,
				CE7B5AB02B90F3BF00E7BD82 /* FirebaseInAppMessaging-Beta in Frameworks */,
				CE7B5AA22B90F3BF00E7BD82 /* FirebaseDatabaseSwift in Frameworks */,
				CE7B5AAC2B90F3BF00E7BD82 /* FirebaseFunctions in Frameworks */,
				CE7B5ABC2B90F3BF00E7BD82 /* FirebaseRemoteConfig in Frameworks */,
				CE7B5A982B90F3BE00E7BD82 /* FirebaseAppDistribution-Beta in Frameworks */,
				CE7B5A9C2B90F3BE00E7BD82 /* FirebaseAuthCombine-Community in Frameworks */,
				CE7B5ABA2B90F3BF00E7BD82 /* FirebasePerformance in Frameworks */,
				CE7B5AB22B90F3BF00E7BD82 /* FirebaseInAppMessagingSwift-Beta in Frameworks */,
				CE7B5AC02B90F3BF00E7BD82 /* FirebaseStorage in Frameworks */,
				CE7B5AA42B90F3BF00E7BD82 /* FirebaseDynamicLinks in Frameworks */,
				CE7B5AA82B90F3BF00E7BD82 /* FirebaseFirestoreCombine-Community in Frameworks */,
				CE7B5AB82B90F3BF00E7BD82 /* FirebaseMessaging in Frameworks */,
				CE7B5AB42B90F3BF00E7BD82 /* FirebaseInstallations in Frameworks */,
			);
			runOnlyForDeploymentPostprocessing = 0;
		};
/* End PBXFrameworksBuildPhase section */

/* Begin PBXGroup section */
		CE201DBD2B918B8D00D9C9BB /* ViewModel */ = {
			isa = PBXGroup;
			children = (
				CE201DBE2B918BCF00D9C9BB /* RegistrationViewModel.swift */,
			);
			path = ViewModel;
			sourceTree = "<group>";
		};
		CE7B5AC12B90F72A00E7BD82 /* View */ = {
			isa = PBXGroup;
			children = (
				CECEDF772B8F614100E593AD /* LoginView.swift */,
				CECEDF792B8F6FE100E593AD /* AddEmailView.swift */,
				CECEDF7D2B8F7FFD00E593AD /* CreateUsernameView.swift */,
				CECEDF7F2B8F859A00E593AD /* CreatePasswordView.swift */,
				CECEDF812B8F880800E593AD /* CompleteSignUpView.swift */,
			);
			path = View;
			sourceTree = "<group>";
		};
		CE7B5AC22B90F74E00E7BD82 /* Service */ = {
			isa = PBXGroup;
			children = (
				CE7B5AC52B90F78200E7BD82 /* AuthService.swift */,
			);
			path = Service;
			sourceTree = "<group>";
		};
		CE7B5AC72B90F7B900E7BD82 /* Frameworks */ = {
			isa = PBXGroup;
			children = (
			);
			name = Frameworks;
			sourceTree = "<group>";
		};
		CE7B5ACC2B90FA0800E7BD82 /* ViewModel */ = {
			isa = PBXGroup;
			children = (
				CE7B5ACE2B90FB9400E7BD82 /* ContentViewModel.swift */,
			);
			path = ViewModel;
			sourceTree = "<group>";
		};
		CE7B5ACD2B90FA2300E7BD82 /* View */ = {
			isa = PBXGroup;
			children = (
				CECEDF4F2B8F2E5E00E593AD /* ContentView.swift */,
			);
			path = View;
			sourceTree = "<group>";
		};
		CECEDF412B8F2E5E00E593AD = {
			isa = PBXGroup;
			children = (
				CECEDF4C2B8F2E5E00E593AD /* InstagramClone */,
				CECEDF4B2B8F2E5E00E593AD /* Products */,
				CE7B5AC72B90F7B900E7BD82 /* Frameworks */,
			);
			sourceTree = "<group>";
		};
		CECEDF4B2B8F2E5E00E593AD /* Products */ = {
			isa = PBXGroup;
			children = (
				CECEDF4A2B8F2E5E00E593AD /* InstagramClone.app */,
			);
			name = Products;
			sourceTree = "<group>";
		};
		CECEDF4C2B8F2E5E00E593AD /* InstagramClone */ = {
			isa = PBXGroup;
			children = (
				CECEDF622B8F2E9B00E593AD /* App */,
				CECEDF612B8F2E9700E593AD /* Core */,
				CECEDF602B8F2E9400E593AD /* Ekstensions */,
				CECEDF5F2B8F2E9100E593AD /* Model */,
				CECEDF5E2B8F2E8900E593AD /* Service */,
				CECEDF512B8F2E5E00E593AD /* Item.swift */,
				CE7B5A8A2B90F26200E7BD82 /* GoogleService-Info.plist */,
				CECEDF532B8F2E6100E593AD /* Assets.xcassets */,
				CECEDF552B8F2E6100E593AD /* InstagramClone.entitlements */,
				CECEDF562B8F2E6100E593AD /* Preview Content */,
			);
			path = InstagramClone;
			sourceTree = "<group>";
		};
		CECEDF562B8F2E6100E593AD /* Preview Content */ = {
			isa = PBXGroup;
			children = (
				CECEDF572B8F2E6100E593AD /* Preview Assets.xcassets */,
			);
			path = "Preview Content";
			sourceTree = "<group>";
		};
		CECEDF5E2B8F2E8900E593AD /* Service */ = {
			isa = PBXGroup;
			children = (
			);
			path = Service;
			sourceTree = "<group>";
		};
		CECEDF5F2B8F2E9100E593AD /* Model */ = {
			isa = PBXGroup;
			children = (
				CECEDF832B8FA4E600E593AD /* User.swift */,
				CEFE87492B903D45000EBF99 /* Post.swift */,
			);
			path = Model;
			sourceTree = "<group>";
		};
		CECEDF602B8F2E9400E593AD /* Ekstensions */ = {
			isa = PBXGroup;
			children = (
			);
			path = Ekstensions;
			sourceTree = "<group>";
		};
		CECEDF612B8F2E9700E593AD /* Core */ = {
			isa = PBXGroup;
			children = (
				CECEDF692B8F2F9600E593AD /* Authentication */,
				CECEDF6E2B8F484C00E593AD /* Components */,
				CECEDF682B8F2F6000E593AD /* Feed */,
				CECEDF672B8F2F5D00E593AD /* Profile */,
				CECEDF662B8F2F4E00E593AD /* Root */,
				CECEDF652B8F2F4B00E593AD /* Search */,
				CECEDF642B8F2F4900E593AD /* TabBar */,
				CECEDF632B8F2F4700E593AD /* UploadPost */,
			);
			path = Core;
			sourceTree = "<group>";
		};
		CECEDF622B8F2E9B00E593AD /* App */ = {
			isa = PBXGroup;
			children = (
				CECEDF4D2B8F2E5E00E593AD /* InstagramCloneApp.swift */,
			);
			path = App;
			sourceTree = "<group>";
		};
		CECEDF632B8F2F4700E593AD /* UploadPost */ = {
			isa = PBXGroup;
			children = (
				CE7B5A862B90D0BC00E7BD82 /* UploadPostView.swift */,
				CE7B5A882B90D64800E7BD82 /* UploadPostViewModel.swift */,
			);
			path = UploadPost;
			sourceTree = "<group>";
		};
		CECEDF642B8F2F4900E593AD /* TabBar */ = {
			isa = PBXGroup;
			children = (
				CECEDF6A2B8F2FF600E593AD /* MainTabView.swift */,
			);
			path = TabBar;
			sourceTree = "<group>";
		};
		CECEDF652B8F2F4B00E593AD /* Search */ = {
			isa = PBXGroup;
			children = (
				CECEDF752B8F588C00E593AD /* SearchView.swift */,
			);
			path = Search;
			sourceTree = "<group>";
		};
		CECEDF662B8F2F4E00E593AD /* Root */ = {
			isa = PBXGroup;
			children = (
				CE7B5ACD2B90FA2300E7BD82 /* View */,
				CE7B5ACC2B90FA0800E7BD82 /* ViewModel */,
			);
			path = Root;
			sourceTree = "<group>";
		};
		CECEDF672B8F2F5D00E593AD /* Profile */ = {
			isa = PBXGroup;
			children = (
				CECEDF6C2B8F31BD00E593AD /* ProfileView.swift */,
				CEFE87472B903885000EBF99 /* CurrentUserProfileView.swift */,
				CE7B5A842B90CD1200E7BD82 /* ProfileHeaderView.swift */,
			);
			path = Profile;
			sourceTree = "<group>";
		};
		CECEDF682B8F2F6000E593AD /* Feed */ = {
			isa = PBXGroup;
			children = (
				CECEDF712B8F4EC000E593AD /* FeedView.swift */,
				CECEDF732B8F4ECF00E593AD /* FeedCell.swift */,
			);
			path = Feed;
			sourceTree = "<group>";
		};
		CECEDF692B8F2F9600E593AD /* Authentication */ = {
			isa = PBXGroup;
			children = (
				CE201DBD2B918B8D00D9C9BB /* ViewModel */,
				CE7B5AC22B90F74E00E7BD82 /* Service */,
				CE7B5AC12B90F72A00E7BD82 /* View */,
			);
			path = Authentication;
			sourceTree = "<group>";
		};
		CECEDF6E2B8F484C00E593AD /* Components */ = {
			isa = PBXGroup;
			children = (
				CECEDF6F2B8F486E00E593AD /* UserStatView.swift */,
				CECEDF7B2B8F7E8D00E593AD /* IGTextFieldModifer.swift */,
				CE7B5A822B9099AA00E7BD82 /* PostGridView.swift */,
			);
			path = Components;
			sourceTree = "<group>";
		};
/* End PBXGroup section */

/* Begin PBXNativeTarget section */
		CECEDF492B8F2E5E00E593AD /* InstagramClone */ = {
			isa = PBXNativeTarget;
			buildConfigurationList = CECEDF5B2B8F2E6100E593AD /* Build configuration list for PBXNativeTarget "InstagramClone" */;
			buildPhases = (
				CECEDF462B8F2E5E00E593AD /* Sources */,
				CECEDF472B8F2E5E00E593AD /* Frameworks */,
				CECEDF482B8F2E5E00E593AD /* Resources */,
			);
			buildRules = (
			);
			dependencies = (
			);
			name = InstagramClone;
			packageProductDependencies = (
				CE7B5A8D2B90F3BE00E7BD82 /* FirebaseAnalytics */,
				CE7B5A8F2B90F3BE00E7BD82 /* FirebaseAnalyticsOnDeviceConversion */,
				CE7B5A912B90F3BE00E7BD82 /* FirebaseAnalyticsSwift */,
				CE7B5A932B90F3BE00E7BD82 /* FirebaseAnalyticsWithoutAdIdSupport */,
				CE7B5A952B90F3BE00E7BD82 /* FirebaseAppCheck */,
				CE7B5A972B90F3BE00E7BD82 /* FirebaseAppDistribution-Beta */,
				CE7B5A992B90F3BE00E7BD82 /* FirebaseAuth */,
				CE7B5A9B2B90F3BE00E7BD82 /* FirebaseAuthCombine-Community */,
				CE7B5A9D2B90F3BE00E7BD82 /* FirebaseCrashlytics */,
				CE7B5A9F2B90F3BF00E7BD82 /* FirebaseDatabase */,
				CE7B5AA12B90F3BF00E7BD82 /* FirebaseDatabaseSwift */,
				CE7B5AA32B90F3BF00E7BD82 /* FirebaseDynamicLinks */,
				CE7B5AA52B90F3BF00E7BD82 /* FirebaseFirestore */,
				CE7B5AA72B90F3BF00E7BD82 /* FirebaseFirestoreCombine-Community */,
				CE7B5AA92B90F3BF00E7BD82 /* FirebaseFirestoreSwift */,
				CE7B5AAB2B90F3BF00E7BD82 /* FirebaseFunctions */,
				CE7B5AAD2B90F3BF00E7BD82 /* FirebaseFunctionsCombine-Community */,
				CE7B5AAF2B90F3BF00E7BD82 /* FirebaseInAppMessaging-Beta */,
				CE7B5AB12B90F3BF00E7BD82 /* FirebaseInAppMessagingSwift-Beta */,
				CE7B5AB32B90F3BF00E7BD82 /* FirebaseInstallations */,
				CE7B5AB52B90F3BF00E7BD82 /* FirebaseMLModelDownloader */,
				CE7B5AB72B90F3BF00E7BD82 /* FirebaseMessaging */,
				CE7B5AB92B90F3BF00E7BD82 /* FirebasePerformance */,
				CE7B5ABB2B90F3BF00E7BD82 /* FirebaseRemoteConfig */,
				CE7B5ABD2B90F3BF00E7BD82 /* FirebaseRemoteConfigSwift */,
				CE7B5ABF2B90F3BF00E7BD82 /* FirebaseStorage */,
			);
			productName = InstagramClone;
			productReference = CECEDF4A2B8F2E5E00E593AD /* InstagramClone.app */;
			productType = "com.apple.product-type.application";
		};
/* End PBXNativeTarget section */

/* Begin PBXProject section */
		CECEDF422B8F2E5E00E593AD /* Project object */ = {
			isa = PBXProject;
			attributes = {
				BuildIndependentTargetsInParallel = 1;
				LastSwiftUpdateCheck = 1520;
				LastUpgradeCheck = 1520;
				TargetAttributes = {
					CECEDF492B8F2E5E00E593AD = {
						CreatedOnToolsVersion = 15.2;
					};
				};
			};
			buildConfigurationList = CECEDF452B8F2E5E00E593AD /* Build configuration list for PBXProject "InstagramClone" */;
			compatibilityVersion = "Xcode 14.0";
			developmentRegion = en;
			hasScannedForEncodings = 0;
			knownRegions = (
				en,
				Base,
			);
			mainGroup = CECEDF412B8F2E5E00E593AD;
			packageReferences = (
				CE7B5A8C2B90F3BE00E7BD82 /* XCRemoteSwiftPackageReference "firebase-ios-sdk" */,
			);
			productRefGroup = CECEDF4B2B8F2E5E00E593AD /* Products */;
			projectDirPath = "";
			projectRoot = "";
			targets = (
				CECEDF492B8F2E5E00E593AD /* InstagramClone */,
			);
		};
/* End PBXProject section */

/* Begin PBXResourcesBuildPhase section */
		CECEDF482B8F2E5E00E593AD /* Resources */ = {
			isa = PBXResourcesBuildPhase;
			buildActionMask = 2147483647;
			files = (
				CECEDF582B8F2E6100E593AD /* Preview Assets.xcassets in Resources */,
				CECEDF542B8F2E6100E593AD /* Assets.xcassets in Resources */,
				CE7B5A8B2B90F26200E7BD82 /* GoogleService-Info.plist in Resources */,
			);
			runOnlyForDeploymentPostprocessing = 0;
		};
/* End PBXResourcesBuildPhase section */

/* Begin PBXSourcesBuildPhase section */
		CECEDF462B8F2E5E00E593AD /* Sources */ = {
			isa = PBXSourcesBuildPhase;
			buildActionMask = 2147483647;
			files = (
				CECEDF722B8F4EC000E593AD /* FeedView.swift in Sources */,
				CE7B5AC62B90F78200E7BD82 /* AuthService.swift in Sources */,
				CECEDF802B8F859A00E593AD /* CreatePasswordView.swift in Sources */,
				CECEDF7E2B8F7FFD00E593AD /* CreateUsernameView.swift in Sources */,
				CECEDF762B8F588C00E593AD /* SearchView.swift in Sources */,
				CECEDF842B8FA4E600E593AD /* User.swift in Sources */,
				CECEDF7C2B8F7E8D00E593AD /* IGTextFieldModifer.swift in Sources */,
				CECEDF502B8F2E5E00E593AD /* ContentView.swift in Sources */,
				CE7B5ACF2B90FB9400E7BD82 /* ContentViewModel.swift in Sources */,
				CE7B5A852B90CD1200E7BD82 /* ProfileHeaderView.swift in Sources */,
				CECEDF522B8F2E5E00E593AD /* Item.swift in Sources */,
				CECEDF6D2B8F31BD00E593AD /* ProfileView.swift in Sources */,
				CECEDF4E2B8F2E5E00E593AD /* InstagramCloneApp.swift in Sources */,
				CECEDF742B8F4ECF00E593AD /* FeedCell.swift in Sources */,
				CECEDF822B8F880800E593AD /* CompleteSignUpView.swift in Sources */,
				CE7B5A892B90D64800E7BD82 /* UploadPostViewModel.swift in Sources */,
				CE7B5A832B9099AA00E7BD82 /* PostGridView.swift in Sources */,
				CECEDF6B2B8F2FF600E593AD /* MainTabView.swift in Sources */,
				CECEDF782B8F614100E593AD /* LoginView.swift in Sources */,
				CE7B5A872B90D0BC00E7BD82 /* UploadPostView.swift in Sources */,
				CE201DBF2B918BCF00D9C9BB /* RegistrationViewModel.swift in Sources */,
				CECEDF7A2B8F6FE100E593AD /* AddEmailView.swift in Sources */,
				CEFE874A2B903D45000EBF99 /* Post.swift in Sources */,
				CECEDF702B8F486E00E593AD /* UserStatView.swift in Sources */,
				CEFE87482B903885000EBF99 /* CurrentUserProfileView.swift in Sources */,
			);
			runOnlyForDeploymentPostprocessing = 0;
		};
/* End PBXSourcesBuildPhase section */

/* Begin XCBuildConfiguration section */
		CECEDF592B8F2E6100E593AD /* Debug */ = {
			isa = XCBuildConfiguration;
			buildSettings = {
				ALWAYS_SEARCH_USER_PATHS = NO;
				ASSETCATALOG_COMPILER_GENERATE_SWIFT_ASSET_SYMBOL_EXTENSIONS = YES;
				CLANG_ANALYZER_NONNULL = YES;
				CLANG_ANALYZER_NUMBER_OBJECT_CONVERSION = YES_AGGRESSIVE;
				CLANG_CXX_LANGUAGE_STANDARD = "gnu++20";
				CLANG_ENABLE_MODULES = YES;
				CLANG_ENABLE_OBJC_ARC = YES;
				CLANG_ENABLE_OBJC_WEAK = YES;
				CLANG_WARN_BLOCK_CAPTURE_AUTORELEASING = YES;
				CLANG_WARN_BOOL_CONVERSION = YES;
				CLANG_WARN_COMMA = YES;
				CLANG_WARN_CONSTANT_CONVERSION = YES;
				CLANG_WARN_DEPRECATED_OBJC_IMPLEMENTATIONS = YES;
				CLANG_WARN_DIRECT_OBJC_ISA_USAGE = YES_ERROR;
				CLANG_WARN_DOCUMENTATION_COMMENTS = YES;
				CLANG_WARN_EMPTY_BODY = YES;
				CLANG_WARN_ENUM_CONVERSION = YES;
				CLANG_WARN_INFINITE_RECURSION = YES;
				CLANG_WARN_INT_CONVERSION = YES;
				CLANG_WARN_NON_LITERAL_NULL_CONVERSION = YES;
				CLANG_WARN_OBJC_IMPLICIT_RETAIN_SELF = YES;
				CLANG_WARN_OBJC_LITERAL_CONVERSION = YES;
				CLANG_WARN_OBJC_ROOT_CLASS = YES_ERROR;
				CLANG_WARN_QUOTED_INCLUDE_IN_FRAMEWORK_HEADER = YES;
				CLANG_WARN_RANGE_LOOP_ANALYSIS = YES;
				CLANG_WARN_STRICT_PROTOTYPES = YES;
				CLANG_WARN_SUSPICIOUS_MOVE = YES;
				CLANG_WARN_UNGUARDED_AVAILABILITY = YES_AGGRESSIVE;
				CLANG_WARN_UNREACHABLE_CODE = YES;
				CLANG_WARN__DUPLICATE_METHOD_MATCH = YES;
				COPY_PHASE_STRIP = NO;
				DEBUG_INFORMATION_FORMAT = dwarf;
				ENABLE_STRICT_OBJC_MSGSEND = YES;
				ENABLE_TESTABILITY = YES;
				ENABLE_USER_SCRIPT_SANDBOXING = YES;
				GCC_C_LANGUAGE_STANDARD = gnu17;
				GCC_DYNAMIC_NO_PIC = NO;
				GCC_NO_COMMON_BLOCKS = YES;
				GCC_OPTIMIZATION_LEVEL = 0;
				GCC_PREPROCESSOR_DEFINITIONS = (
					"DEBUG=1",
					"$(inherited)",
				);
				GCC_WARN_64_TO_32_BIT_CONVERSION = YES;
				GCC_WARN_ABOUT_RETURN_TYPE = YES_ERROR;
				GCC_WARN_UNDECLARED_SELECTOR = YES;
				GCC_WARN_UNINITIALIZED_AUTOS = YES_AGGRESSIVE;
				GCC_WARN_UNUSED_FUNCTION = YES;
				GCC_WARN_UNUSED_VARIABLE = YES;
				LOCALIZATION_PREFERS_STRING_CATALOGS = YES;
				MTL_ENABLE_DEBUG_INFO = INCLUDE_SOURCE;
				MTL_FAST_MATH = YES;
				ONLY_ACTIVE_ARCH = YES;
				SWIFT_ACTIVE_COMPILATION_CONDITIONS = "DEBUG $(inherited)";
				SWIFT_OPTIMIZATION_LEVEL = "-Onone";
			};
			name = Debug;
		};
		CECEDF5A2B8F2E6100E593AD /* Release */ = {
			isa = XCBuildConfiguration;
			buildSettings = {
				ALWAYS_SEARCH_USER_PATHS = NO;
				ASSETCATALOG_COMPILER_GENERATE_SWIFT_ASSET_SYMBOL_EXTENSIONS = YES;
				CLANG_ANALYZER_NONNULL = YES;
				CLANG_ANALYZER_NUMBER_OBJECT_CONVERSION = YES_AGGRESSIVE;
				CLANG_CXX_LANGUAGE_STANDARD = "gnu++20";
				CLANG_ENABLE_MODULES = YES;
				CLANG_ENABLE_OBJC_ARC = YES;
				CLANG_ENABLE_OBJC_WEAK = YES;
				CLANG_WARN_BLOCK_CAPTURE_AUTORELEASING = YES;
				CLANG_WARN_BOOL_CONVERSION = YES;
				CLANG_WARN_COMMA = YES;
				CLANG_WARN_CONSTANT_CONVERSION = YES;
				CLANG_WARN_DEPRECATED_OBJC_IMPLEMENTATIONS = YES;
				CLANG_WARN_DIRECT_OBJC_ISA_USAGE = YES_ERROR;
				CLANG_WARN_DOCUMENTATION_COMMENTS = YES;
				CLANG_WARN_EMPTY_BODY = YES;
				CLANG_WARN_ENUM_CONVERSION = YES;
				CLANG_WARN_INFINITE_RECURSION = YES;
				CLANG_WARN_INT_CONVERSION = YES;
				CLANG_WARN_NON_LITERAL_NULL_CONVERSION = YES;
				CLANG_WARN_OBJC_IMPLICIT_RETAIN_SELF = YES;
				CLANG_WARN_OBJC_LITERAL_CONVERSION = YES;
				CLANG_WARN_OBJC_ROOT_CLASS = YES_ERROR;
				CLANG_WARN_QUOTED_INCLUDE_IN_FRAMEWORK_HEADER = YES;
				CLANG_WARN_RANGE_LOOP_ANALYSIS = YES;
				CLANG_WARN_STRICT_PROTOTYPES = YES;
				CLANG_WARN_SUSPICIOUS_MOVE = YES;
				CLANG_WARN_UNGUARDED_AVAILABILITY = YES_AGGRESSIVE;
				CLANG_WARN_UNREACHABLE_CODE = YES;
				CLANG_WARN__DUPLICATE_METHOD_MATCH = YES;
				COPY_PHASE_STRIP = NO;
				DEBUG_INFORMATION_FORMAT = "dwarf-with-dsym";
				ENABLE_NS_ASSERTIONS = NO;
				ENABLE_STRICT_OBJC_MSGSEND = YES;
				ENABLE_USER_SCRIPT_SANDBOXING = YES;
				GCC_C_LANGUAGE_STANDARD = gnu17;
				GCC_NO_COMMON_BLOCKS = YES;
				GCC_WARN_64_TO_32_BIT_CONVERSION = YES;
				GCC_WARN_ABOUT_RETURN_TYPE = YES_ERROR;
				GCC_WARN_UNDECLARED_SELECTOR = YES;
				GCC_WARN_UNINITIALIZED_AUTOS = YES_AGGRESSIVE;
				GCC_WARN_UNUSED_FUNCTION = YES;
				GCC_WARN_UNUSED_VARIABLE = YES;
				LOCALIZATION_PREFERS_STRING_CATALOGS = YES;
				MTL_ENABLE_DEBUG_INFO = NO;
				MTL_FAST_MATH = YES;
				SWIFT_COMPILATION_MODE = wholemodule;
			};
			name = Release;
		};
		CECEDF5C2B8F2E6100E593AD /* Debug */ = {
			isa = XCBuildConfiguration;
			buildSettings = {
				ASSETCATALOG_COMPILER_APPICON_NAME = AppIcon;
				ASSETCATALOG_COMPILER_GLOBAL_ACCENT_COLOR_NAME = AccentColor;
				CODE_SIGN_ENTITLEMENTS = InstagramClone/InstagramClone.entitlements;
				CODE_SIGN_STYLE = Automatic;
				CURRENT_PROJECT_VERSION = 1;
				DEVELOPMENT_ASSET_PATHS = "\"InstagramClone/Preview Content\"";
				ENABLE_PREVIEWS = YES;
				GENERATE_INFOPLIST_FILE = YES;
				"INFOPLIST_KEY_UIApplicationSceneManifest_Generation[sdk=iphoneos*]" = YES;
				"INFOPLIST_KEY_UIApplicationSceneManifest_Generation[sdk=iphonesimulator*]" = YES;
				"INFOPLIST_KEY_UIApplicationSupportsIndirectInputEvents[sdk=iphoneos*]" = YES;
				"INFOPLIST_KEY_UIApplicationSupportsIndirectInputEvents[sdk=iphonesimulator*]" = YES;
				"INFOPLIST_KEY_UILaunchScreen_Generation[sdk=iphoneos*]" = YES;
				"INFOPLIST_KEY_UILaunchScreen_Generation[sdk=iphonesimulator*]" = YES;
				"INFOPLIST_KEY_UIStatusBarStyle[sdk=iphoneos*]" = UIStatusBarStyleDefault;
				"INFOPLIST_KEY_UIStatusBarStyle[sdk=iphonesimulator*]" = UIStatusBarStyleDefault;
				INFOPLIST_KEY_UISupportedInterfaceOrientations_iPad = "UIInterfaceOrientationPortrait UIInterfaceOrientationPortraitUpsideDown UIInterfaceOrientationLandscapeLeft UIInterfaceOrientationLandscapeRight";
				INFOPLIST_KEY_UISupportedInterfaceOrientations_iPhone = "UIInterfaceOrientationPortrait UIInterfaceOrientationLandscapeLeft UIInterfaceOrientationLandscapeRight";
				IPHONEOS_DEPLOYMENT_TARGET = 17.2;
				LD_RUNPATH_SEARCH_PATHS = "@executable_path/Frameworks";
				"LD_RUNPATH_SEARCH_PATHS[sdk=macosx*]" = "@executable_path/../Frameworks";
				MACOSX_DEPLOYMENT_TARGET = 14.0;
				MARKETING_VERSION = 1.0;
				PRODUCT_BUNDLE_IDENTIFIER = com.fawaz.InstagramClone;
				PRODUCT_NAME = "$(TARGET_NAME)";
				SDKROOT = auto;
				SUPPORTED_PLATFORMS = "iphoneos iphonesimulator macosx";
				SWIFT_EMIT_LOC_STRINGS = YES;
				SWIFT_VERSION = 5.0;
				TARGETED_DEVICE_FAMILY = "1,2";
			};
			name = Debug;
		};
		CECEDF5D2B8F2E6100E593AD /* Release */ = {
			isa = XCBuildConfiguration;
			buildSettings = {
				ASSETCATALOG_COMPILER_APPICON_NAME = AppIcon;
				ASSETCATALOG_COMPILER_GLOBAL_ACCENT_COLOR_NAME = AccentColor;
				CODE_SIGN_ENTITLEMENTS = InstagramClone/InstagramClone.entitlements;
				CODE_SIGN_STYLE = Automatic;
				CURRENT_PROJECT_VERSION = 1;
				DEVELOPMENT_ASSET_PATHS = "\"InstagramClone/Preview Content\"";
				ENABLE_PREVIEWS = YES;
				GENERATE_INFOPLIST_FILE = YES;
				"INFOPLIST_KEY_UIApplicationSceneManifest_Generation[sdk=iphoneos*]" = YES;
				"INFOPLIST_KEY_UIApplicationSceneManifest_Generation[sdk=iphonesimulator*]" = YES;
				"INFOPLIST_KEY_UIApplicationSupportsIndirectInputEvents[sdk=iphoneos*]" = YES;
				"INFOPLIST_KEY_UIApplicationSupportsIndirectInputEvents[sdk=iphonesimulator*]" = YES;
				"INFOPLIST_KEY_UILaunchScreen_Generation[sdk=iphoneos*]" = YES;
				"INFOPLIST_KEY_UILaunchScreen_Generation[sdk=iphonesimulator*]" = YES;
				"INFOPLIST_KEY_UIStatusBarStyle[sdk=iphoneos*]" = UIStatusBarStyleDefault;
				"INFOPLIST_KEY_UIStatusBarStyle[sdk=iphonesimulator*]" = UIStatusBarStyleDefault;
				INFOPLIST_KEY_UISupportedInterfaceOrientations_iPad = "UIInterfaceOrientationPortrait UIInterfaceOrientationPortraitUpsideDown UIInterfaceOrientationLandscapeLeft UIInterfaceOrientationLandscapeRight";
				INFOPLIST_KEY_UISupportedInterfaceOrientations_iPhone = "UIInterfaceOrientationPortrait UIInterfaceOrientationLandscapeLeft UIInterfaceOrientationLandscapeRight";
				IPHONEOS_DEPLOYMENT_TARGET = 17.2;
				LD_RUNPATH_SEARCH_PATHS = "@executable_path/Frameworks";
				"LD_RUNPATH_SEARCH_PATHS[sdk=macosx*]" = "@executable_path/../Frameworks";
				MACOSX_DEPLOYMENT_TARGET = 14.0;
				MARKETING_VERSION = 1.0;
				PRODUCT_BUNDLE_IDENTIFIER = com.fawaz.InstagramClone;
				PRODUCT_NAME = "$(TARGET_NAME)";
				SDKROOT = auto;
				SUPPORTED_PLATFORMS = "iphoneos iphonesimulator macosx";
				SWIFT_EMIT_LOC_STRINGS = YES;
				SWIFT_VERSION = 5.0;
				TARGETED_DEVICE_FAMILY = "1,2";
			};
			name = Release;
		};
/* End XCBuildConfiguration section */

/* Begin XCConfigurationList section */
		CECEDF452B8F2E5E00E593AD /* Build configuration list for PBXProject "InstagramClone" */ = {
			isa = XCConfigurationList;
			buildConfigurations = (
				CECEDF592B8F2E6100E593AD /* Debug */,
				CECEDF5A2B8F2E6100E593AD /* Release */,
			);
			defaultConfigurationIsVisible = 0;
			defaultConfigurationName = Release;
		};
		CECEDF5B2B8F2E6100E593AD /* Build configuration list for PBXNativeTarget "InstagramClone" */ = {
			isa = XCConfigurationList;
			buildConfigurations = (
				CECEDF5C2B8F2E6100E593AD /* Debug */,
				CECEDF5D2B8F2E6100E593AD /* Release */,
			);
			defaultConfigurationIsVisible = 0;
			defaultConfigurationName = Release;
		};
/* End XCConfigurationList section */

/* Begin XCRemoteSwiftPackageReference section */
		CE7B5A8C2B90F3BE00E7BD82 /* XCRemoteSwiftPackageReference "firebase-ios-sdk" */ = {
			isa = XCRemoteSwiftPackageReference;
			repositoryURL = "https://github.com/firebase/firebase-ios-sdk";
			requirement = {
				kind = upToNextMajorVersion;
				minimumVersion = 10.21.0;
			};
		};
/* End XCRemoteSwiftPackageReference section */

/* Begin XCSwiftPackageProductDependency section */
		CE7B5A8D2B90F3BE00E7BD82 /* FirebaseAnalytics */ = {
			isa = XCSwiftPackageProductDependency;
			package = CE7B5A8C2B90F3BE00E7BD82 /* XCRemoteSwiftPackageReference "firebase-ios-sdk" */;
			productName = FirebaseAnalytics;
		};
		CE7B5A8F2B90F3BE00E7BD82 /* FirebaseAnalyticsOnDeviceConversion */ = {
			isa = XCSwiftPackageProductDependency;
			package = CE7B5A8C2B90F3BE00E7BD82 /* XCRemoteSwiftPackageReference "firebase-ios-sdk" */;
			productName = FirebaseAnalyticsOnDeviceConversion;
		};
		CE7B5A912B90F3BE00E7BD82 /* FirebaseAnalyticsSwift */ = {
			isa = XCSwiftPackageProductDependency;
			package = CE7B5A8C2B90F3BE00E7BD82 /* XCRemoteSwiftPackageReference "firebase-ios-sdk" */;
			productName = FirebaseAnalyticsSwift;
		};
		CE7B5A932B90F3BE00E7BD82 /* FirebaseAnalyticsWithoutAdIdSupport */ = {
			isa = XCSwiftPackageProductDependency;
			package = CE7B5A8C2B90F3BE00E7BD82 /* XCRemoteSwiftPackageReference "firebase-ios-sdk" */;
			productName = FirebaseAnalyticsWithoutAdIdSupport;
		};
		CE7B5A952B90F3BE00E7BD82 /* FirebaseAppCheck */ = {
			isa = XCSwiftPackageProductDependency;
			package = CE7B5A8C2B90F3BE00E7BD82 /* XCRemoteSwiftPackageReference "firebase-ios-sdk" */;
			productName = FirebaseAppCheck;
		};
		CE7B5A972B90F3BE00E7BD82 /* FirebaseAppDistribution-Beta */ = {
			isa = XCSwiftPackageProductDependency;
			package = CE7B5A8C2B90F3BE00E7BD82 /* XCRemoteSwiftPackageReference "firebase-ios-sdk" */;
			productName = "FirebaseAppDistribution-Beta";
		};
		CE7B5A992B90F3BE00E7BD82 /* FirebaseAuth */ = {
			isa = XCSwiftPackageProductDependency;
			package = CE7B5A8C2B90F3BE00E7BD82 /* XCRemoteSwiftPackageReference "firebase-ios-sdk" */;
			productName = FirebaseAuth;
		};
		CE7B5A9B2B90F3BE00E7BD82 /* FirebaseAuthCombine-Community */ = {
			isa = XCSwiftPackageProductDependency;
			package = CE7B5A8C2B90F3BE00E7BD82 /* XCRemoteSwiftPackageReference "firebase-ios-sdk" */;
			productName = "FirebaseAuthCombine-Community";
		};
		CE7B5A9D2B90F3BE00E7BD82 /* FirebaseCrashlytics */ = {
			isa = XCSwiftPackageProductDependency;
			package = CE7B5A8C2B90F3BE00E7BD82 /* XCRemoteSwiftPackageReference "firebase-ios-sdk" */;
			productName = FirebaseCrashlytics;
		};
		CE7B5A9F2B90F3BF00E7BD82 /* FirebaseDatabase */ = {
			isa = XCSwiftPackageProductDependency;
			package = CE7B5A8C2B90F3BE00E7BD82 /* XCRemoteSwiftPackageReference "firebase-ios-sdk" */;
			productName = FirebaseDatabase;
		};
		CE7B5AA12B90F3BF00E7BD82 /* FirebaseDatabaseSwift */ = {
			isa = XCSwiftPackageProductDependency;
			package = CE7B5A8C2B90F3BE00E7BD82 /* XCRemoteSwiftPackageReference "firebase-ios-sdk" */;
			productName = FirebaseDatabaseSwift;
		};
		CE7B5AA32B90F3BF00E7BD82 /* FirebaseDynamicLinks */ = {
			isa = XCSwiftPackageProductDependency;
			package = CE7B5A8C2B90F3BE00E7BD82 /* XCRemoteSwiftPackageReference "firebase-ios-sdk" */;
			productName = FirebaseDynamicLinks;
		};
		CE7B5AA52B90F3BF00E7BD82 /* FirebaseFirestore */ = {
			isa = XCSwiftPackageProductDependency;
			package = CE7B5A8C2B90F3BE00E7BD82 /* XCRemoteSwiftPackageReference "firebase-ios-sdk" */;
			productName = FirebaseFirestore;
		};
		CE7B5AA72B90F3BF00E7BD82 /* FirebaseFirestoreCombine-Community */ = {
			isa = XCSwiftPackageProductDependency;
			package = CE7B5A8C2B90F3BE00E7BD82 /* XCRemoteSwiftPackageReference "firebase-ios-sdk" */;
			productName = "FirebaseFirestoreCombine-Community";
		};
		CE7B5AA92B90F3BF00E7BD82 /* FirebaseFirestoreSwift */ = {
			isa = XCSwiftPackageProductDependency;
			package = CE7B5A8C2B90F3BE00E7BD82 /* XCRemoteSwiftPackageReference "firebase-ios-sdk" */;
			productName = FirebaseFirestoreSwift;
		};
		CE7B5AAB2B90F3BF00E7BD82 /* FirebaseFunctions */ = {
			isa = XCSwiftPackageProductDependency;
			package = CE7B5A8C2B90F3BE00E7BD82 /* XCRemoteSwiftPackageReference "firebase-ios-sdk" */;
			productName = FirebaseFunctions;
		};
		CE7B5AAD2B90F3BF00E7BD82 /* FirebaseFunctionsCombine-Community */ = {
			isa = XCSwiftPackageProductDependency;
			package = CE7B5A8C2B90F3BE00E7BD82 /* XCRemoteSwiftPackageReference "firebase-ios-sdk" */;
			productName = "FirebaseFunctionsCombine-Community";
		};
		CE7B5AAF2B90F3BF00E7BD82 /* FirebaseInAppMessaging-Beta */ = {
			isa = XCSwiftPackageProductDependency;
			package = CE7B5A8C2B90F3BE00E7BD82 /* XCRemoteSwiftPackageReference "firebase-ios-sdk" */;
			productName = "FirebaseInAppMessaging-Beta";
		};
		CE7B5AB12B90F3BF00E7BD82 /* FirebaseInAppMessagingSwift-Beta */ = {
			isa = XCSwiftPackageProductDependency;
			package = CE7B5A8C2B90F3BE00E7BD82 /* XCRemoteSwiftPackageReference "firebase-ios-sdk" */;
			productName = "FirebaseInAppMessagingSwift-Beta";
		};
		CE7B5AB32B90F3BF00E7BD82 /* FirebaseInstallations */ = {
			isa = XCSwiftPackageProductDependency;
			package = CE7B5A8C2B90F3BE00E7BD82 /* XCRemoteSwiftPackageReference "firebase-ios-sdk" */;
			productName = FirebaseInstallations;
		};
		CE7B5AB52B90F3BF00E7BD82 /* FirebaseMLModelDownloader */ = {
			isa = XCSwiftPackageProductDependency;
			package = CE7B5A8C2B90F3BE00E7BD82 /* XCRemoteSwiftPackageReference "firebase-ios-sdk" */;
			productName = FirebaseMLModelDownloader;
		};
		CE7B5AB72B90F3BF00E7BD82 /* FirebaseMessaging */ = {
			isa = XCSwiftPackageProductDependency;
			package = CE7B5A8C2B90F3BE00E7BD82 /* XCRemoteSwiftPackageReference "firebase-ios-sdk" */;
			productName = FirebaseMessaging;
		};
		CE7B5AB92B90F3BF00E7BD82 /* FirebasePerformance */ = {
			isa = XCSwiftPackageProductDependency;
			package = CE7B5A8C2B90F3BE00E7BD82 /* XCRemoteSwiftPackageReference "firebase-ios-sdk" */;
			productName = FirebasePerformance;
		};
		CE7B5ABB2B90F3BF00E7BD82 /* FirebaseRemoteConfig */ = {
			isa = XCSwiftPackageProductDependency;
			package = CE7B5A8C2B90F3BE00E7BD82 /* XCRemoteSwiftPackageReference "firebase-ios-sdk" */;
			productName = FirebaseRemoteConfig;
		};
		CE7B5ABD2B90F3BF00E7BD82 /* FirebaseRemoteConfigSwift */ = {
			isa = XCSwiftPackageProductDependency;
			package = CE7B5A8C2B90F3BE00E7BD82 /* XCRemoteSwiftPackageReference "firebase-ios-sdk" */;
			productName = FirebaseRemoteConfigSwift;
		};
		CE7B5ABF2B90F3BF00E7BD82 /* FirebaseStorage */ = {
			isa = XCSwiftPackageProductDependency;
			package = CE7B5A8C2B90F3BE00E7BD82 /* XCRemoteSwiftPackageReference "firebase-ios-sdk" */;
			productName = FirebaseStorage;
		};
/* End XCSwiftPackageProductDependency section */
	};
	rootObject = CECEDF422B8F2E5E00E593AD /* Project object */;
}
